
Microsoft Visual Studio Solution File, Format Version 12.00
# Visual Studio 2012
Project("{FAE04EC0-301F-11D3-BF4B-00C04F79EFBC}") = "dll_ServeurTCPSQLServer", "dll_ServeurTCPSQLServer.csproj", "{9BEB4A1D-2770-4D44-A465-593569429690}"
EndProject
Global
	GlobalSection(SolutionConfigurationPlatforms) = preSolution
		Debug|Any CPU = Debug|Any CPU
		Release|Any CPU = Release|Any CPU
	EndGlobalSection
	GlobalSection(ProjectConfigurationPlatforms) = postSolution
		{9BEB4A1D-2770-4D44-A465-593569429690}.Debug|Any CPU.ActiveCfg = Debug|Any CPU
		{9BEB4A1D-2770-4D44-A465-593569429690}.Debug|Any CPU.Build.0 = Debug|Any CPU
		{9BEB4A1D-2770-4D44-A465-593569429690}.Release|Any CPU.ActiveCfg = Release|Any CPU
		{9BEB4A1D-2770-4D44-A465-593569429690}.Release|Any CPU.Build.0 = Release|Any CPU
	EndGlobalSection
	GlobalSection(SolutionProperties) = preSolution
		HideSolutionNode = FALSE
	EndGlobalSection
EndGlobal
