
Microsoft Visual Studio Solution File, Format Version 12.00
# Visual Studio 2012
Project("{FAE04EC0-301F-11D3-BF4B-00C04F79EFBC}") = "ServeurTCPSQLServer", "ServeurTCPSQLServer.csproj", "{43A808E6-C5AF-4CCB-89E4-786F194B2B8F}"
EndProject
Project("{FAE04EC0-301F-11D3-BF4B-00C04F79EFBC}") = "dll_ServeurTCPSQLServer", "..\dll_ServeurTCPSQLServer\dll_ServeurTCPSQLServer.csproj", "{9BEB4A1D-2770-4D44-A465-593569429690}"
EndProject
Global
	GlobalSection(SolutionConfigurationPlatforms) = preSolution
		Debug|Any CPU = Debug|Any CPU
		Debug|x86 = Debug|x86
		Release|Any CPU = Release|Any CPU
		Release|x86 = Release|x86
	EndGlobalSection
	GlobalSection(ProjectConfigurationPlatforms) = postSolution
		{43A808E6-C5AF-4CCB-89E4-786F194B2B8F}.Debug|Any CPU.ActiveCfg = Debug|Any CPU
		{43A808E6-C5AF-4CCB-89E4-786F194B2B8F}.Debug|Any CPU.Build.0 = Debug|Any CPU
		{43A808E6-C5AF-4CCB-89E4-786F194B2B8F}.Debug|x86.ActiveCfg = Debug|Any CPU
		{43A808E6-C5AF-4CCB-89E4-786F194B2B8F}.Release|Any CPU.ActiveCfg = Release|Any CPU
		{43A808E6-C5AF-4CCB-89E4-786F194B2B8F}.Release|Any CPU.Build.0 = Release|Any CPU
		{43A808E6-C5AF-4CCB-89E4-786F194B2B8F}.Release|x86.ActiveCfg = Release|Any CPU
		{9BEB4A1D-2770-4D44-A465-593569429690}.Debug|Any CPU.ActiveCfg = Debug|Any CPU
		{9BEB4A1D-2770-4D44-A465-593569429690}.Debug|Any CPU.Build.0 = Debug|Any CPU
		{9BEB4A1D-2770-4D44-A465-593569429690}.Debug|x86.ActiveCfg = Debug|Any CPU
		{9BEB4A1D-2770-4D44-A465-593569429690}.Release|Any CPU.ActiveCfg = Release|Any CPU
		{9BEB4A1D-2770-4D44-A465-593569429690}.Release|Any CPU.Build.0 = Release|Any CPU
		{9BEB4A1D-2770-4D44-A465-593569429690}.Release|x86.ActiveCfg = Release|Any CPU
	EndGlobalSection
	GlobalSection(SolutionProperties) = preSolution
		HideSolutionNode = FALSE
	EndGlobalSection
EndGlobal
